// !$*UTF8*$!
{
	archiveVersion = 1;
	classes = {
	};
	objectVersion = 50;
	objects = {

/* Begin PBXBuildFile section */
		75490C7620A7883300BFC4F7 /* Question.swift in Sources */ = {isa = PBXBuildFile; fileRef = 75490C7520A7883300BFC4F7 /* Question.swift */; };
		75490C7820A7885100BFC4F7 /* QuestionList.swift in Sources */ = {isa = PBXBuildFile; fileRef = 75490C7720A7885100BFC4F7 /* QuestionList.swift */; };
		75490C9D20A7A45800BFC4F7 /* RespuestasControllerViewController.swift in Sources */ = {isa = PBXBuildFile; fileRef = 75490C9C20A7A45800BFC4F7 /* RespuestasControllerViewController.swift */; };
		75FCDB37209E5A060034F90A /* AppDelegate.swift in Sources */ = {isa = PBXBuildFile; fileRef = 75FCDB36209E5A060034F90A /* AppDelegate.swift */; };
		75FCDB39209E5A060034F90A /* ViewController.swift in Sources */ = {isa = PBXBuildFile; fileRef = 75FCDB38209E5A060034F90A /* ViewController.swift */; };
		75FCDB3C209E5A060034F90A /* Main.storyboard in Resources */ = {isa = PBXBuildFile; fileRef = 75FCDB3A209E5A060034F90A /* Main.storyboard */; };
		75FCDB3E209E5A080034F90A /* Assets.xcassets in Resources */ = {isa = PBXBuildFile; fileRef = 75FCDB3D209E5A080034F90A /* Assets.xcassets */; };
		75FCDB41209E5A080034F90A /* LaunchScreen.storyboard in Resources */ = {isa = PBXBuildFile; fileRef = 75FCDB3F209E5A080034F90A /* LaunchScreen.storyboard */; };
/* End PBXBuildFile section */

/* Begin PBXFileReference section */
		75490C7520A7883300BFC4F7 /* Question.swift */ = {isa = PBXFileReference; lastKnownFileType = sourcecode.swift; path = Question.swift; sourceTree = "<group>"; };
		75490C7720A7885100BFC4F7 /* QuestionList.swift */ = {isa = PBXFileReference; lastKnownFileType = sourcecode.swift; path = QuestionList.swift; sourceTree = "<group>"; };
		75490C9C20A7A45800BFC4F7 /* RespuestasControllerViewController.swift */ = {isa = PBXFileReference; lastKnownFileType = sourcecode.swift; path = RespuestasControllerViewController.swift; sourceTree = "<group>"; };
		75FCDB33209E5A060034F90A /* Preguntas.app */ = {isa = PBXFileReference; explicitFileType = wrapper.application; includeInIndex = 0; path = Preguntas.app; sourceTree = BUILT_PRODUCTS_DIR; };
		75FCDB36209E5A060034F90A /* AppDelegate.swift */ = {isa = PBXFileReference; lastKnownFileType = sourcecode.swift; path = AppDelegate.swift; sourceTree = "<group>"; };
		75FCDB38209E5A060034F90A /* ViewController.swift */ = {isa = PBXFileReference; lastKnownFileType = sourcecode.swift; path = ViewController.swift; sourceTree = "<group>"; };
		75FCDB3B209E5A060034F90A /* Base */ = {isa = PBXFileReference; lastKnownFileType = file.storyboard; name = Base; path = Base.lproj/Main.storyboard; sourceTree = "<group>"; };
		75FCDB3D209E5A080034F90A /* Assets.xcassets */ = {isa = PBXFileReference; lastKnownFileType = folder.assetcatalog; path = Assets.xcassets; sourceTree = "<group>"; };
		75FCDB40209E5A080034F90A /* Base */ = {isa = PBXFileReference; lastKnownFileType = file.storyboard; name = Base; path = Base.lproj/LaunchScreen.storyboard; sourceTree = "<group>"; };
		75FCDB42209E5A080034F90A /* Info.plist */ = {isa = PBXFileReference; lastKnownFileType = text.plist.xml; path = Info.plist; sourceTree = "<group>"; };
/* End PBXFileReference section */

/* Begin PBXFrameworksBuildPhase section */
		75FCDB30209E5A060034F90A /* Frameworks */ = {
			isa = PBXFrameworksBuildPhase;
			buildActionMask = 2147483647;
			files = (
			);
			runOnlyForDeploymentPostprocessing = 0;
		};
/* End PBXFrameworksBuildPhase section */

/* Begin PBXGroup section */
		75490C7220A7866F00BFC4F7 /* View */ = {
			isa = PBXGroup;
			children = (
				75FCDB3A209E5A060034F90A /* Main.storyboard */,
				75FCDB3D209E5A080034F90A /* Assets.xcassets */,
				75FCDB3F209E5A080034F90A /* LaunchScreen.storyboard */,
			);
			path = View;
			sourceTree = "<group>";
		};
		75490C7320A7867A00BFC4F7 /* Controller */ = {
			isa = PBXGroup;
			children = (
				75FCDB36209E5A060034F90A /* AppDelegate.swift */,
				75FCDB38209E5A060034F90A /* ViewController.swift */,
				75490C9C20A7A45800BFC4F7 /* RespuestasControllerViewController.swift */,
			);
			path = Controller;
			sourceTree = "<group>";
		};
		75490C7420A7868000BFC4F7 /* Model */ = {
			isa = PBXGroup;
			children = (
				75490C7520A7883300BFC4F7 /* Question.swift */,
				75490C7720A7885100BFC4F7 /* QuestionList.swift */,
			);
			path = Model;
			sourceTree = "<group>";
		};
		75FCDB2A209E5A060034F90A = {
			isa = PBXGroup;
			children = (
				75FCDB35209E5A060034F90A /* Preguntas */,
				75FCDB34209E5A060034F90A /* Products */,
			);
			sourceTree = "<group>";
		};
		75FCDB34209E5A060034F90A /* Products */ = {
			isa = PBXGroup;
			children = (
				75FCDB33209E5A060034F90A /* Preguntas.app */,
			);
			name = Products;
			sourceTree = "<group>";
		};
		75FCDB35209E5A060034F90A /* Preguntas */ = {
			isa = PBXGroup;
			children = (
				75490C7420A7868000BFC4F7 /* Model */,
				75490C7320A7867A00BFC4F7 /* Controller */,
				75490C7220A7866F00BFC4F7 /* View */,
				75FCDB42209E5A080034F90A /* Info.plist */,
			);
			path = Preguntas;
			sourceTree = "<group>";
		};
/* End PBXGroup section */

/* Begin PBXNativeTarget section */
		75FCDB32209E5A060034F90A /* Preguntas */ = {
			isa = PBXNativeTarget;
			buildConfigurationList = 75FCDB45209E5A080034F90A /* Build configuration list for PBXNativeTarget "Preguntas" */;
			buildPhases = (
				75FCDB2F209E5A060034F90A /* Sources */,
				75FCDB30209E5A060034F90A /* Frameworks */,
				75FCDB31209E5A060034F90A /* Resources */,
			);
			buildRules = (
			);
			dependencies = (
			);
			name = Preguntas;
			productName = Preguntas;
			productReference = 75FCDB33209E5A060034F90A /* Preguntas.app */;
			productType = "com.apple.product-type.application";
		};
/* End PBXNativeTarget section */

/* Begin PBXProject section */
		75FCDB2B209E5A060034F90A /* Project object */ = {
			isa = PBXProject;
			attributes = {
				LastSwiftUpdateCheck = 0930;
				LastUpgradeCheck = 0930;
				ORGANIZATIONNAME = "Jonathan Varela";
				TargetAttributes = {
					75FCDB32209E5A060034F90A = {
						CreatedOnToolsVersion = 9.3;
					};
				};
			};
			buildConfigurationList = 75FCDB2E209E5A060034F90A /* Build configuration list for PBXProject "Preguntas" */;
			compatibilityVersion = "Xcode 9.3";
			developmentRegion = en;
			hasScannedForEncodings = 0;
			knownRegions = (
				en,
				Base,
			);
			mainGroup = 75FCDB2A209E5A060034F90A;
			productRefGroup = 75FCDB34209E5A060034F90A /* Products */;
			projectDirPath = "";
			projectRoot = "";
			targets = (
				75FCDB32209E5A060034F90A /* Preguntas */,
			);
		};
/* End PBXProject section */

/* Begin PBXResourcesBuildPhase section */
		75FCDB31209E5A060034F90A /* Resources */ = {
			isa = PBXResourcesBuildPhase;
			buildActionMask = 2147483647;
			files = (
				75FCDB41209E5A080034F90A /* LaunchScreen.storyboard in Resources */,
				75FCDB3E209E5A080034F90A /* Assets.xcassets in Resources */,
				75FCDB3C209E5A060034F90A /* Main.storyboard in Resources */,
			);
			runOnlyForDeploymentPostprocessing = 0;
		};
/* End PBXResourcesBuildPhase section */

/* Begin PBXSourcesBuildPhase section */
		75FCDB2F209E5A060034F90A /* Sources */ = {
			isa = PBXSourcesBuildPhase;
			buildActionMask = 2147483647;
			files = (
				75490C7620A7883300BFC4F7 /* Question.swift in Sources */,
				75490C7820A7885100BFC4F7 /* QuestionList.swift in Sources */,
				75490C9D20A7A45800BFC4F7 /* RespuestasControllerViewController.swift in Sources */,
				75FCDB39209E5A060034F90A /* ViewController.swift in Sources */,
				75FCDB37209E5A060034F90A /* AppDelegate.swift in Sources */,
			);
			runOnlyForDeploymentPostprocessing = 0;
		};
/* End PBXSourcesBuildPhase section */

/* Begin PBXVariantGroup section */
		75FCDB3A209E5A060034F90A /* Main.storyboard */ = {
			isa = PBXVariantGroup;
			children = (
				75FCDB3B209E5A060034F90A /* Base */,
			);
			name = Main.storyboard;
			sourceTree = "<group>";
		};
		75FCDB3F209E5A080034F90A /* LaunchScreen.storyboard */ = {
			isa = PBXVariantGroup;
			children = (
				75FCDB40209E5A080034F90A /* Base */,
			);
			name = LaunchScreen.storyboard;
			sourceTree = "<group>";
		};
/* End PBXVariantGroup section */

/* Begin XCBuildConfiguration section */
		75FCDB43209E5A080034F90A /* Debug */ = {
			isa = XCBuildConfiguration;
			buildSettings = {
				ALWAYS_SEARCH_USER_PATHS = NO;
				CLANG_ANALYZER_NONNULL = YES;
				CLANG_ANALYZER_NUMBER_OBJECT_CONVERSION = YES_AGGRESSIVE;
				CLANG_CXX_LANGUAGE_STANDARD = "gnu++14";
				CLANG_CXX_LIBRARY = "libc++";
				CLANG_ENABLE_MODULES = YES;
				CLANG_ENABLE_OBJC_ARC = YES;
				CLANG_ENABLE_OBJC_WEAK = YES;
				CLANG_WARN_BLOCK_CAPTURE_AUTORELEASING = YES;
				CLANG_WARN_BOOL_CONVERSION = YES;
				CLANG_WARN_COMMA = YES;
				CLANG_WARN_CONSTANT_CONVERSION = YES;
				CLANG_WARN_DEPRECATED_OBJC_IMPLEMENTATIONS = YES;
				CLANG_WARN_DIRECT_OBJC_ISA_USAGE = YES_ERROR;
				CLANG_WARN_DOCUMENTATION_COMMENTS = YES;
				CLANG_WARN_EMPTY_BODY = YES;
				CLANG_WARN_ENUM_CONVERSION = YES;
				CLANG_WARN_INFINITE_RECURSION = YES;
				CLANG_WARN_INT_CONVERSION = YES;
				CLANG_WARN_NON_LITERAL_NULL_CONVERSION = YES;
				CLANG_WARN_OBJC_IMPLICIT_RETAIN_SELF = YES;
				CLANG_WARN_OBJC_LITERAL_CONVERSION = YES;
				CLANG_WARN_OBJC_ROOT_CLASS = YES_ERROR;
				CLANG_WARN_RANGE_LOOP_ANALYSIS = YES;
				CLANG_WARN_STRICT_PROTOTYPES = YES;
				CLANG_WARN_SUSPICIOUS_MOVE = YES;
				CLANG_WARN_UNGUARDED_AVAILABILITY = YES_AGGRESSIVE;
				CLANG_WARN_UNREACHABLE_CODE = YES;
				CLANG_WARN__DUPLICATE_METHOD_MATCH = YES;
				CODE_SIGN_IDENTITY = "iPhone Developer";
				COPY_PHASE_STRIP = NO;
				DEBUG_INFORMATION_FORMAT = dwarf;
				ENABLE_STRICT_OBJC_MSGSEND = YES;
				ENABLE_TESTABILITY = YES;
				GCC_C_LANGUAGE_STANDARD = gnu11;
				GCC_DYNAMIC_NO_PIC = NO;
				GCC_NO_COMMON_BLOCKS = YES;
				GCC_OPTIMIZATION_LEVEL = 0;
				GCC_PREPROCESSOR_DEFINITIONS = (
					"DEBUG=1",
					"$(inherited)",
				);
				GCC_WARN_64_TO_32_BIT_CONVERSION = YES;
				GCC_WARN_ABOUT_RETURN_TYPE = YES_ERROR;
				GCC_WARN_UNDECLARED_SELECTOR = YES;
				GCC_WARN_UNINITIALIZED_AUTOS = YES_AGGRESSIVE;
				GCC_WARN_UNUSED_FUNCTION = YES;
				GCC_WARN_UNUSED_VARIABLE = YES;
				IPHONEOS_DEPLOYMENT_TARGET = 11.3;
				MTL_ENABLE_DEBUG_INFO = YES;
				ONLY_ACTIVE_ARCH = YES;
				SDKROOT = iphoneos;
				SWIFT_ACTIVE_COMPILATION_CONDITIONS = DEBUG;
				SWIFT_OPTIMIZATION_LEVEL = "-Onone";
			};
			name = Debug;
		};
		75FCDB44209E5A080034F90A /* Release */ = {
			isa = XCBuildConfiguration;
			buildSettings = {
				ALWAYS_SEARCH_USER_PATHS = NO;
				CLANG_ANALYZER_NONNULL = YES;
				CLANG_ANALYZER_NUMBER_OBJECT_CONVERSION = YES_AGGRESSIVE;
				CLANG_CXX_LANGUAGE_STANDARD = "gnu++14";
				CLANG_CXX_LIBRARY = "libc++";
				CLANG_ENABLE_MODULES = YES;
				CLANG_ENABLE_OBJC_ARC = YES;
				CLANG_ENABLE_OBJC_WEAK = YES;
				CLANG_WARN_BLOCK_CAPTURE_AUTORELEASING = YES;
				CLANG_WARN_BOOL_CONVERSION = YES;
				CLANG_WARN_COMMA = YES;
				CLANG_WARN_CONSTANT_CONVERSION = YES;
				CLANG_WARN_DEPRECATED_OBJC_IMPLEMENTATIONS = YES;
				CLANG_WARN_DIRECT_OBJC_ISA_USAGE = YES_ERROR;
				CLANG_WARN_DOCUMENTATION_COMMENTS = YES;
				CLANG_WARN_EMPTY_BODY = YES;
				CLANG_WARN_ENUM_CONVERSION = YES;
				CLANG_WARN_INFINITE_RECURSION = YES;
				CLANG_WARN_INT_CONVERSION = YES;
				CLANG_WARN_NON_LITERAL_NULL_CONVERSION = YES;
				CLANG_WARN_OBJC_IMPLICIT_RETAIN_SELF = YES;
				CLANG_WARN_OBJC_LITERAL_CONVERSION = YES;
				CLANG_WARN_OBJC_ROOT_CLASS = YES_ERROR;
				CLANG_WARN_RANGE_LOOP_ANALYSIS = YES;
				CLANG_WARN_STRICT_PROTOTYPES = YES;
				CLANG_WARN_SUSPICIOUS_MOVE = YES;
				CLANG_WARN_UNGUARDED_AVAILABILITY = YES_AGGRESSIVE;
				CLANG_WARN_UNREACHABLE_CODE = YES;
				CLANG_WARN__DUPLICATE_METHOD_MATCH = YES;
				CODE_SIGN_IDENTITY = "iPhone Developer";
				COPY_PHASE_STRIP = NO;
				DEBUG_INFORMATION_FORMAT = "dwarf-with-dsym";
				ENABLE_NS_ASSERTIONS = NO;
				ENABLE_STRICT_OBJC_MSGSEND = YES;
				GCC_C_LANGUAGE_STANDARD = gnu11;
				GCC_NO_COMMON_BLOCKS = YES;
				GCC_WARN_64_TO_32_BIT_CONVERSION = YES;
				GCC_WARN_ABOUT_RETURN_TYPE = YES_ERROR;
				GCC_WARN_UNDECLARED_SELECTOR = YES;
				GCC_WARN_UNINITIALIZED_AUTOS = YES_AGGRESSIVE;
				GCC_WARN_UNUSED_FUNCTION = YES;
				GCC_WARN_UNUSED_VARIABLE = YES;
				IPHONEOS_DEPLOYMENT_TARGET = 11.3;
				MTL_ENABLE_DEBUG_INFO = NO;
				SDKROOT = iphoneos;
				SWIFT_COMPILATION_MODE = wholemodule;
				SWIFT_OPTIMIZATION_LEVEL = "-O";
				VALIDATE_PRODUCT = YES;
			};
			name = Release;
		};
		75FCDB46209E5A080034F90A /* Debug */ = {
			isa = XCBuildConfiguration;
			buildSettings = {
				ASSETCATALOG_COMPILER_APPICON_NAME = AppIcon;
				CODE_SIGN_STYLE = Automatic;
				DEVELOPMENT_TEAM = YA2YLH9886;
				INFOPLIST_FILE = Preguntas/Info.plist;
				LD_RUNPATH_SEARCH_PATHS = (
					"$(inherited)",
					"@executable_path/Frameworks",
				);
				PRODUCT_BUNDLE_IDENTIFIER = com.jvarela.Preguntas;
				PRODUCT_NAME = "$(TARGET_NAME)";
				SWIFT_VERSION = 4.0;
				TARGETED_DEVICE_FAMILY = "1,2";
			};
			name = Debug;
		};
		75FCDB47209E5A080034F90A /* Release */ = {
			isa = XCBuildConfiguration;
			buildSettings = {
				ASSETCATALOG_COMPILER_APPICON_NAME = AppIcon;
				CODE_SIGN_STYLE = Automatic;
				DEVELOPMENT_TEAM = YA2YLH9886;
				INFOPLIST_FILE = Preguntas/Info.plist;
				LD_RUNPATH_SEARCH_PATHS = (
					"$(inherited)",
					"@executable_path/Frameworks",
				);
				PRODUCT_BUNDLE_IDENTIFIER = com.jvarela.Preguntas;
				PRODUCT_NAME = "$(TARGET_NAME)";
				SWIFT_VERSION = 4.0;
				TARGETED_DEVICE_FAMILY = "1,2";
			};
			name = Release;
		};
/* End XCBuildConfiguration section */

/* Begin XCConfigurationList section */
		75FCDB2E209E5A060034F90A /* Build configuration list for PBXProject "Preguntas" */ = {
			isa = XCConfigurationList;
			buildConfigurations = (
				75FCDB43209E5A080034F90A /* Debug */,
				75FCDB44209E5A080034F90A /* Release */,
			);
			defaultConfigurationIsVisible = 0;
			defaultConfigurationName = Release;
		};
		75FCDB45209E5A080034F90A /* Build configuration list for PBXNativeTarget "Preguntas" */ = {
			isa = XCConfigurationList;
			buildConfigurations = (
				75FCDB46209E5A080034F90A /* Debug */,
				75FCDB47209E5A080034F90A /* Release */,
			);
			defaultConfigurationIsVisible = 0;
			defaultConfigurationName = Release;
		};
/* End XCConfigurationList section */
	};
	rootObject = 75FCDB2B209E5A060034F90A /* Project object */;
}
